# This file is autogenerated, do not edit; changes may be undone by the next 'dep ensure'.


[[projects]]
  branch = "master"
  name = "github.com/paulmach/orb"
  packages = [
    ".",
    "geojson"
  ]
  revision = "40186a72e24c33c495ac9da7390b1a1e69670b40"

[solve-meta]
  analyzer-name = "dep"
  analyzer-version = 1
  inputs-digest = "b025b9011a6d047680ae28eac13acfcef1abe0e364dd61614e60b44590a156bc"
  solver-name = "gps-cdcl"
  solver-version = 1
